{
  "name": "better-http",
  "version": "1.0.0",
  "lockfileVersion": 1,
  "requires": true,
  "dependencies": {
    "http-headers": {
      "version": "3.0.1",
      "resolved": "https://registry.npmjs.org/http-headers/-/http-headers-3.0.1.tgz",
      "integrity": "sha1-HLxpHEXN9tbB3GO/NoslBfVu+Dk=",
      "requires": {
        "next-line": "1.1.0"
      }
    },
    "next-line": {
      "version": "1.1.0",
      "resolved": "https://registry.npmjs.org/next-line/-/next-line-1.1.0.tgz",
      "integrity": "sha1-/K5XhTBStqm66CCOQN19PC0wRgM="
    }
  }
}
